
Microsoft Visual Studio Solution File, Format Version 12.00
# Visual Studio Version 17
VisualStudioVersion = 17.6.33815.320
MinimumVisualStudioVersion = 10.0.40219.1
Project("{FAE04EC0-301F-11D3-BF4B-00C04F79EFBC}") = "Crud_RazorPage", "Crud_RazorPage\Crud_RazorPage.csproj", "{A2975076-FA68-4143-808C-A8E6EF8FEAEB}"
EndProject
Global
	GlobalSection(SolutionConfigurationPlatforms) = preSolution
		Debug|Any CPU = Debug|Any CPU
		Release|Any CPU = Release|Any CPU
	EndGlobalSection
	GlobalSection(ProjectConfigurationPlatforms) = postSolution
		{A2975076-FA68-4143-808C-A8E6EF8FEAEB}.Debug|Any CPU.ActiveCfg = Debug|Any CPU
		{A2975076-FA68-4143-808C-A8E6EF8FEAEB}.Debug|Any CPU.Build.0 = Debug|Any CPU
		{A2975076-FA68-4143-808C-A8E6EF8FEAEB}.Release|Any CPU.ActiveCfg = Release|Any CPU
		{A2975076-FA68-4143-808C-A8E6EF8FEAEB}.Release|Any CPU.Build.0 = Release|Any CPU
	EndGlobalSection
	GlobalSection(SolutionProperties) = preSolution
		HideSolutionNode = FALSE
	EndGlobalSection
	GlobalSection(ExtensibilityGlobals) = postSolution
		SolutionGuid = {C645BE64-1F12-45E9-A846-F7BD39F0B432}
	EndGlobalSection
EndGlobal
